
Microsoft Visual Studio Solution File, Format Version 12.00
# Visual Studio Version 17
VisualStudioVersion = 17.0.31903.59
MinimumVisualStudioVersion = 10.0.40219.1
Project("{2150E333-8FDC-42A3-9474-1A3956D46DE8}") = "src", "src", "{827E0CD3-B72D-47B6-A68D-7590B98EB39B}"
EndProject
Project("{FAE04EC0-301F-11D3-BF4B-00C04F79EFBC}") = "SubscriptionBilling.Api", "src\SubscriptionBilling.Api\SubscriptionBilling.Api.csproj", "{A1885FD2-CDB9-45EA-AEDA-88F70AF38A6F}"
EndProject
Project("{FAE04EC0-301F-11D3-BF4B-00C04F79EFBC}") = "SubscriptionBilling.Infrastructure", "src\SubscriptionBilling.Infrastructure\SubscriptionBilling.Infrastructure.csproj", "{F7C3EC8F-0D31-4C5E-BA96-A1E23108235B}"
EndProject
Project("{FAE04EC0-301F-11D3-BF4B-00C04F79EFBC}") = "SubscriptionBilling.Application", "src\SubscriptionBilling.Application\SubscriptionBilling.Application.csproj", "{3C2876C7-DA8D-45CB-A378-A27DDF88CF89}"
EndProject
Project("{FAE04EC0-301F-11D3-BF4B-00C04F79EFBC}") = "SubscriptionBilling.Domain", "src\SubscriptionBilling.Domain\SubscriptionBilling.Domain.csproj", "{F7A703C7-2833-4825-AE29-38A8E5AE0BE0}"
EndProject
Project("{2150E333-8FDC-42A3-9474-1A3956D46DE8}") = "tests", "tests", "{0AB3BF05-4346-4AA6-1389-037BE0695223}"
EndProject
Project("{FAE04EC0-301F-11D3-BF4B-00C04F79EFBC}") = "SubscriptionBilling.IntegrationTests", "tests\SubscriptionBilling.IntegrationTests\SubscriptionBilling.IntegrationTests.csproj", "{73F3601E-CC28-4E03-B979-BD9D777CB80E}"
EndProject
Project("{FAE04EC0-301F-11D3-BF4B-00C04F79EFBC}") = "SubscriptionBilling.UnitTests", "tests\SubscriptionBilling.UnitTests\SubscriptionBilling.UnitTests.csproj", "{BA698DC2-E50B-4426-9986-B8684D8DB9A9}"
EndProject
Global
	GlobalSection(SolutionConfigurationPlatforms) = preSolution
		Debug|Any CPU = Debug|Any CPU
		Debug|x64 = Debug|x64
		Debug|x86 = Debug|x86
		Release|Any CPU = Release|Any CPU
		Release|x64 = Release|x64
		Release|x86 = Release|x86
	EndGlobalSection
	GlobalSection(ProjectConfigurationPlatforms) = postSolution
		{A1885FD2-CDB9-45EA-AEDA-88F70AF38A6F}.Debug|Any CPU.ActiveCfg = Debug|Any CPU
		{A1885FD2-CDB9-45EA-AEDA-88F70AF38A6F}.Debug|Any CPU.Build.0 = Debug|Any CPU
		{A1885FD2-CDB9-45EA-AEDA-88F70AF38A6F}.Debug|x64.ActiveCfg = Debug|Any CPU
		{A1885FD2-CDB9-45EA-AEDA-88F70AF38A6F}.Debug|x64.Build.0 = Debug|Any CPU
		{A1885FD2-CDB9-45EA-AEDA-88F70AF38A6F}.Debug|x86.ActiveCfg = Debug|Any CPU
		{A1885FD2-CDB9-45EA-AEDA-88F70AF38A6F}.Debug|x86.Build.0 = Debug|Any CPU
		{A1885FD2-CDB9-45EA-AEDA-88F70AF38A6F}.Release|Any CPU.ActiveCfg = Release|Any CPU
		{A1885FD2-CDB9-45EA-AEDA-88F70AF38A6F}.Release|Any CPU.Build.0 = Release|Any CPU
		{A1885FD2-CDB9-45EA-AEDA-88F70AF38A6F}.Release|x64.ActiveCfg = Release|Any CPU
		{A1885FD2-CDB9-45EA-AEDA-88F70AF38A6F}.Release|x64.Build.0 = Release|Any CPU
		{A1885FD2-CDB9-45EA-AEDA-88F70AF38A6F}.Release|x86.ActiveCfg = Release|Any CPU
		{A1885FD2-CDB9-45EA-AEDA-88F70AF38A6F}.Release|x86.Build.0 = Release|Any CPU
		{F7C3EC8F-0D31-4C5E-BA96-A1E23108235B}.Debug|Any CPU.ActiveCfg = Debug|Any CPU
		{F7C3EC8F-0D31-4C5E-BA96-A1E23108235B}.Debug|Any CPU.Build.0 = Debug|Any CPU
		{F7C3EC8F-0D31-4C5E-BA96-A1E23108235B}.Debug|x64.ActiveCfg = Debug|Any CPU
		{F7C3EC8F-0D31-4C5E-BA96-A1E23108235B}.Debug|x64.Build.0 = Debug|Any CPU
		{F7C3EC8F-0D31-4C5E-BA96-A1E23108235B}.Debug|x86.ActiveCfg = Debug|Any CPU
		{F7C3EC8F-0D31-4C5E-BA96-A1E23108235B}.Debug|x86.Build.0 = Debug|Any CPU
		{F7C3EC8F-0D31-4C5E-BA96-A1E23108235B}.Release|Any CPU.ActiveCfg = Release|Any CPU
		{F7C3EC8F-0D31-4C5E-BA96-A1E23108235B}.Release|Any CPU.Build.0 = Release|Any CPU
		{F7C3EC8F-0D31-4C5E-BA96-A1E23108235B}.Release|x64.ActiveCfg = Release|Any CPU
		{F7C3EC8F-0D31-4C5E-BA96-A1E23108235B}.Release|x64.Build.0 = Release|Any CPU
		{F7C3EC8F-0D31-4C5E-BA96-A1E23108235B}.Release|x86.ActiveCfg = Release|Any CPU
		{F7C3EC8F-0D31-4C5E-BA96-A1E23108235B}.Release|x86.Build.0 = Release|Any CPU
		{3C2876C7-DA8D-45CB-A378-A27DDF88CF89}.Debug|Any CPU.ActiveCfg = Debug|Any CPU
		{3C2876C7-DA8D-45CB-A378-A27DDF88CF89}.Debug|Any CPU.Build.0 = Debug|Any CPU
		{3C2876C7-DA8D-45CB-A378-A27DDF88CF89}.Debug|x64.ActiveCfg = Debug|Any CPU
		{3C2876C7-DA8D-45CB-A378-A27DDF88CF89}.Debug|x64.Build.0 = Debug|Any CPU
		{3C2876C7-DA8D-45CB-A378-A27DDF88CF89}.Debug|x86.ActiveCfg = Debug|Any CPU
		{3C2876C7-DA8D-45CB-A378-A27DDF88CF89}.Debug|x86.Build.0 = Debug|Any CPU
		{3C2876C7-DA8D-45CB-A378-A27DDF88CF89}.Release|Any CPU.ActiveCfg = Release|Any CPU
		{3C2876C7-DA8D-45CB-A378-A27DDF88CF89}.Release|Any CPU.Build.0 = Release|Any CPU
		{3C2876C7-DA8D-45CB-A378-A27DDF88CF89}.Release|x64.ActiveCfg = Release|Any CPU
		{3C2876C7-DA8D-45CB-A378-A27DDF88CF89}.Release|x64.Build.0 = Release|Any CPU
		{3C2876C7-DA8D-45CB-A378-A27DDF88CF89}.Release|x86.ActiveCfg = Release|Any CPU
		{3C2876C7-DA8D-45CB-A378-A27DDF88CF89}.Release|x86.Build.0 = Release|Any CPU
		{F7A703C7-2833-4825-AE29-38A8E5AE0BE0}.Debug|Any CPU.ActiveCfg = Debug|Any CPU
		{F7A703C7-2833-4825-AE29-38A8E5AE0BE0}.Debug|Any CPU.Build.0 = Debug|Any CPU
		{F7A703C7-2833-4825-AE29-38A8E5AE0BE0}.Debug|x64.ActiveCfg = Debug|Any CPU
		{F7A703C7-2833-4825-AE29-38A8E5AE0BE0}.Debug|x64.Build.0 = Debug|Any CPU
		{F7A703C7-2833-4825-AE29-38A8E5AE0BE0}.Debug|x86.ActiveCfg = Debug|Any CPU
		{F7A703C7-2833-4825-AE29-38A8E5AE0BE0}.Debug|x86.Build.0 = Debug|Any CPU
		{F7A703C7-2833-4825-AE29-38A8E5AE0BE0}.Release|Any CPU.ActiveCfg = Release|Any CPU
		{F7A703C7-2833-4825-AE29-38A8E5AE0BE0}.Release|Any CPU.Build.0 = Release|Any CPU
		{F7A703C7-2833-4825-AE29-38A8E5AE0BE0}.Release|x64.ActiveCfg = Release|Any CPU
		{F7A703C7-2833-4825-AE29-38A8E5AE0BE0}.Release|x64.Build.0 = Release|Any CPU
		{F7A703C7-2833-4825-AE29-38A8E5AE0BE0}.Release|x86.ActiveCfg = Release|Any CPU
		{F7A703C7-2833-4825-AE29-38A8E5AE0BE0}.Release|x86.Build.0 = Release|Any CPU
		{73F3601E-CC28-4E03-B979-BD9D777CB80E}.Debug|Any CPU.ActiveCfg = Debug|Any CPU
		{73F3601E-CC28-4E03-B979-BD9D777CB80E}.Debug|Any CPU.Build.0 = Debug|Any CPU
		{73F3601E-CC28-4E03-B979-BD9D777CB80E}.Debug|x64.ActiveCfg = Debug|Any CPU
		{73F3601E-CC28-4E03-B979-BD9D777CB80E}.Debug|x64.Build.0 = Debug|Any CPU
		{73F3601E-CC28-4E03-B979-BD9D777CB80E}.Debug|x86.ActiveCfg = Debug|Any CPU
		{73F3601E-CC28-4E03-B979-BD9D777CB80E}.Debug|x86.Build.0 = Debug|Any CPU
		{73F3601E-CC28-4E03-B979-BD9D777CB80E}.Release|Any CPU.ActiveCfg = Release|Any CPU
		{73F3601E-CC28-4E03-B979-BD9D777CB80E}.Release|Any CPU.Build.0 = Release|Any CPU
		{73F3601E-CC28-4E03-B979-BD9D777CB80E}.Release|x64.ActiveCfg = Release|Any CPU
		{73F3601E-CC28-4E03-B979-BD9D777CB80E}.Release|x64.Build.0 = Release|Any CPU
		{73F3601E-CC28-4E03-B979-BD9D777CB80E}.Release|x86.ActiveCfg = Release|Any CPU
		{73F3601E-CC28-4E03-B979-BD9D777CB80E}.Release|x86.Build.0 = Release|Any CPU
		{BA698DC2-E50B-4426-9986-B8684D8DB9A9}.Debug|Any CPU.ActiveCfg = Debug|Any CPU
		{BA698DC2-E50B-4426-9986-B8684D8DB9A9}.Debug|Any CPU.Build.0 = Debug|Any CPU
		{BA698DC2-E50B-4426-9986-B8684D8DB9A9}.Debug|x64.ActiveCfg = Debug|Any CPU
		{BA698DC2-E50B-4426-9986-B8684D8DB9A9}.Debug|x64.Build.0 = Debug|Any CPU
		{BA698DC2-E50B-4426-9986-B8684D8DB9A9}.Debug|x86.ActiveCfg = Debug|Any CPU
		{BA698DC2-E50B-4426-9986-B8684D8DB9A9}.Debug|x86.Build.0 = Debug|Any CPU
		{BA698DC2-E50B-4426-9986-B8684D8DB9A9}.Release|Any CPU.ActiveCfg = Release|Any CPU
		{BA698DC2-E50B-4426-9986-B8684D8DB9A9}.Release|Any CPU.Build.0 = Release|Any CPU
		{BA698DC2-E50B-4426-9986-B8684D8DB9A9}.Release|x64.ActiveCfg = Release|Any CPU
		{BA698DC2-E50B-4426-9986-B8684D8DB9A9}.Release|x64.Build.0 = Release|Any CPU
		{BA698DC2-E50B-4426-9986-B8684D8DB9A9}.Release|x86.ActiveCfg = Release|Any CPU
		{BA698DC2-E50B-4426-9986-B8684D8DB9A9}.Release|x86.Build.0 = Release|Any CPU
	EndGlobalSection
	GlobalSection(SolutionProperties) = preSolution
		HideSolutionNode = FALSE
	EndGlobalSection
	GlobalSection(NestedProjects) = preSolution
		{A1885FD2-CDB9-45EA-AEDA-88F70AF38A6F} = {827E0CD3-B72D-47B6-A68D-7590B98EB39B}
		{F7C3EC8F-0D31-4C5E-BA96-A1E23108235B} = {827E0CD3-B72D-47B6-A68D-7590B98EB39B}
		{3C2876C7-DA8D-45CB-A378-A27DDF88CF89} = {827E0CD3-B72D-47B6-A68D-7590B98EB39B}
		{F7A703C7-2833-4825-AE29-38A8E5AE0BE0} = {827E0CD3-B72D-47B6-A68D-7590B98EB39B}
		{73F3601E-CC28-4E03-B979-BD9D777CB80E} = {0AB3BF05-4346-4AA6-1389-037BE0695223}
		{BA698DC2-E50B-4426-9986-B8684D8DB9A9} = {0AB3BF05-4346-4AA6-1389-037BE0695223}
	EndGlobalSection
EndGlobal
