<Solution>
  <Folder Name="/src/">
    <Project Path="src/Healthcare.Api/Healthcare.Api.csproj" />
    <Project Path="src/Healthcare.Application/Healthcare.Application.csproj" />
    <Project Path="src/Healthcare.Domain/Healthcare.Domain.csproj" />
    <Project Path="src/Healthcare.Infrastructure/Healthcare.Infrastructure.csproj" />
  </Folder>
  <Folder Name="/tests/">
    <Project Path="tests/Healthcare.IntegrationTests/Healthcare.IntegrationTests.csproj" />
    <Project Path="tests/Healthcare.UnitTests/Healthcare.UnitTests.csproj" />
  </Folder>
</Solution>
