
Microsoft Visual Studio Solution File, Format Version 12.00
# Visual Studio Version 17
VisualStudioVersion = 17.0.31903.59
MinimumVisualStudioVersion = 10.0.40219.1
Project("{2150E333-8FDC-42A3-9474-1A3956D46DE8}") = "legacy", "legacy", "{871BE218-8F83-E3CD-0B70-B1CC1745EA7C}"
EndProject
Project("{FAE04EC0-301F-11D3-BF4B-00C04F79EFBC}") = "Northstar.Legacy.CharacterizationTests", "legacy\Northstar.Legacy.CharacterizationTests\Northstar.Legacy.CharacterizationTests.csproj", "{D01FA07B-B308-4BCC-8A7C-59DE19B9CDB6}"
EndProject
Project("{FAE04EC0-301F-11D3-BF4B-00C04F79EFBC}") = "Northstar.Legacy.Web", "legacy\Northstar.Legacy.Web\Northstar.Legacy.Web.csproj", "{5BE5D535-B78A-48DE-BE5E-C2511974A7AF}"
EndProject
Project("{2150E333-8FDC-42A3-9474-1A3956D46DE8}") = "modern", "modern", "{35005EFD-8179-418E-50B0-107F1AB7D0D4}"
EndProject
Project("{2150E333-8FDC-42A3-9474-1A3956D46DE8}") = "src", "src", "{5DFF2A40-C7C2-F5BA-E38B-F4F0F14B6583}"
EndProject
Project("{FAE04EC0-301F-11D3-BF4B-00C04F79EFBC}") = "Northstar.Api", "modern\src\Northstar.Api\Northstar.Api.csproj", "{5B6CD1AD-D63A-4D4D-965F-55D2483FE1F5}"
EndProject
Project("{FAE04EC0-301F-11D3-BF4B-00C04F79EFBC}") = "Northstar.Infrastructure", "modern\src\Northstar.Infrastructure\Northstar.Infrastructure.csproj", "{342CC255-CC38-491F-B374-4FB39513A1D6}"
EndProject
Project("{FAE04EC0-301F-11D3-BF4B-00C04F79EFBC}") = "Northstar.Application", "modern\src\Northstar.Application\Northstar.Application.csproj", "{68E16E8A-D9ED-4069-8FF4-8F5A289878D4}"
EndProject
Project("{FAE04EC0-301F-11D3-BF4B-00C04F79EFBC}") = "Northstar.Domain", "modern\src\Northstar.Domain\Northstar.Domain.csproj", "{ECA7CB9B-907F-4371-BDA2-DC8B92B31DCD}"
EndProject
Project("{2150E333-8FDC-42A3-9474-1A3956D46DE8}") = "tests", "tests", "{6D1E20D8-C28D-CF6C-2C1E-EA5896EE3387}"
EndProject
Project("{FAE04EC0-301F-11D3-BF4B-00C04F79EFBC}") = "Northstar.IntegrationTests", "modern\tests\Northstar.IntegrationTests\Northstar.IntegrationTests.csproj", "{7C405C3B-026A-4821-BC59-8AEF5417AEBE}"
EndProject
Project("{FAE04EC0-301F-11D3-BF4B-00C04F79EFBC}") = "Northstar.UnitTests", "modern\tests\Northstar.UnitTests\Northstar.UnitTests.csproj", "{8E3CBE62-BB31-4FA4-8E65-0E58DD4D472F}"
EndProject
Project("{2150E333-8FDC-42A3-9474-1A3956D46DE8}") = "tests", "tests", "{0AB3BF05-4346-4AA6-1389-037BE0695223}"
EndProject
Project("{FAE04EC0-301F-11D3-BF4B-00C04F79EFBC}") = "Northstar.ModernizationTests", "tests\Northstar.ModernizationTests\Northstar.ModernizationTests.csproj", "{70F31ED3-3E0D-4512-9256-B91C957650D7}"
EndProject
Global
	GlobalSection(SolutionConfigurationPlatforms) = preSolution
		Debug|Any CPU = Debug|Any CPU
		Debug|x64 = Debug|x64
		Debug|x86 = Debug|x86
		Release|Any CPU = Release|Any CPU
		Release|x64 = Release|x64
		Release|x86 = Release|x86
	EndGlobalSection
	GlobalSection(ProjectConfigurationPlatforms) = postSolution
		{D01FA07B-B308-4BCC-8A7C-59DE19B9CDB6}.Debug|Any CPU.ActiveCfg = Debug|Any CPU
		{D01FA07B-B308-4BCC-8A7C-59DE19B9CDB6}.Debug|Any CPU.Build.0 = Debug|Any CPU
		{D01FA07B-B308-4BCC-8A7C-59DE19B9CDB6}.Debug|x64.ActiveCfg = Debug|Any CPU
		{D01FA07B-B308-4BCC-8A7C-59DE19B9CDB6}.Debug|x64.Build.0 = Debug|Any CPU
		{D01FA07B-B308-4BCC-8A7C-59DE19B9CDB6}.Debug|x86.ActiveCfg = Debug|Any CPU
		{D01FA07B-B308-4BCC-8A7C-59DE19B9CDB6}.Debug|x86.Build.0 = Debug|Any CPU
		{D01FA07B-B308-4BCC-8A7C-59DE19B9CDB6}.Release|Any CPU.ActiveCfg = Release|Any CPU
		{D01FA07B-B308-4BCC-8A7C-59DE19B9CDB6}.Release|Any CPU.Build.0 = Release|Any CPU
		{D01FA07B-B308-4BCC-8A7C-59DE19B9CDB6}.Release|x64.ActiveCfg = Release|Any CPU
		{D01FA07B-B308-4BCC-8A7C-59DE19B9CDB6}.Release|x64.Build.0 = Release|Any CPU
		{D01FA07B-B308-4BCC-8A7C-59DE19B9CDB6}.Release|x86.ActiveCfg = Release|Any CPU
		{D01FA07B-B308-4BCC-8A7C-59DE19B9CDB6}.Release|x86.Build.0 = Release|Any CPU
		{5BE5D535-B78A-48DE-BE5E-C2511974A7AF}.Debug|Any CPU.ActiveCfg = Debug|Any CPU
		{5BE5D535-B78A-48DE-BE5E-C2511974A7AF}.Debug|Any CPU.Build.0 = Debug|Any CPU
		{5BE5D535-B78A-48DE-BE5E-C2511974A7AF}.Debug|x64.ActiveCfg = Debug|Any CPU
		{5BE5D535-B78A-48DE-BE5E-C2511974A7AF}.Debug|x64.Build.0 = Debug|Any CPU
		{5BE5D535-B78A-48DE-BE5E-C2511974A7AF}.Debug|x86.ActiveCfg = Debug|Any CPU
		{5BE5D535-B78A-48DE-BE5E-C2511974A7AF}.Debug|x86.Build.0 = Debug|Any CPU
		{5BE5D535-B78A-48DE-BE5E-C2511974A7AF}.Release|Any CPU.ActiveCfg = Release|Any CPU
		{5BE5D535-B78A-48DE-BE5E-C2511974A7AF}.Release|Any CPU.Build.0 = Release|Any CPU
		{5BE5D535-B78A-48DE-BE5E-C2511974A7AF}.Release|x64.ActiveCfg = Release|Any CPU
		{5BE5D535-B78A-48DE-BE5E-C2511974A7AF}.Release|x64.Build.0 = Release|Any CPU
		{5BE5D535-B78A-48DE-BE5E-C2511974A7AF}.Release|x86.ActiveCfg = Release|Any CPU
		{5BE5D535-B78A-48DE-BE5E-C2511974A7AF}.Release|x86.Build.0 = Release|Any CPU
		{5B6CD1AD-D63A-4D4D-965F-55D2483FE1F5}.Debug|Any CPU.ActiveCfg = Debug|Any CPU
		{5B6CD1AD-D63A-4D4D-965F-55D2483FE1F5}.Debug|Any CPU.Build.0 = Debug|Any CPU
		{5B6CD1AD-D63A-4D4D-965F-55D2483FE1F5}.Debug|x64.ActiveCfg = Debug|Any CPU
		{5B6CD1AD-D63A-4D4D-965F-55D2483FE1F5}.Debug|x64.Build.0 = Debug|Any CPU
		{5B6CD1AD-D63A-4D4D-965F-55D2483FE1F5}.Debug|x86.ActiveCfg = Debug|Any CPU
		{5B6CD1AD-D63A-4D4D-965F-55D2483FE1F5}.Debug|x86.Build.0 = Debug|Any CPU
		{5B6CD1AD-D63A-4D4D-965F-55D2483FE1F5}.Release|Any CPU.ActiveCfg = Release|Any CPU
		{5B6CD1AD-D63A-4D4D-965F-55D2483FE1F5}.Release|Any CPU.Build.0 = Release|Any CPU
		{5B6CD1AD-D63A-4D4D-965F-55D2483FE1F5}.Release|x64.ActiveCfg = Release|Any CPU
		{5B6CD1AD-D63A-4D4D-965F-55D2483FE1F5}.Release|x64.Build.0 = Release|Any CPU
		{5B6CD1AD-D63A-4D4D-965F-55D2483FE1F5}.Release|x86.ActiveCfg = Release|Any CPU
		{5B6CD1AD-D63A-4D4D-965F-55D2483FE1F5}.Release|x86.Build.0 = Release|Any CPU
		{342CC255-CC38-491F-B374-4FB39513A1D6}.Debug|Any CPU.ActiveCfg = Debug|Any CPU
		{342CC255-CC38-491F-B374-4FB39513A1D6}.Debug|Any CPU.Build.0 = Debug|Any CPU
		{342CC255-CC38-491F-B374-4FB39513A1D6}.Debug|x64.ActiveCfg = Debug|Any CPU
		{342CC255-CC38-491F-B374-4FB39513A1D6}.Debug|x64.Build.0 = Debug|Any CPU
		{342CC255-CC38-491F-B374-4FB39513A1D6}.Debug|x86.ActiveCfg = Debug|Any CPU
		{342CC255-CC38-491F-B374-4FB39513A1D6}.Debug|x86.Build.0 = Debug|Any CPU
		{342CC255-CC38-491F-B374-4FB39513A1D6}.Release|Any CPU.ActiveCfg = Release|Any CPU
		{342CC255-CC38-491F-B374-4FB39513A1D6}.Release|Any CPU.Build.0 = Release|Any CPU
		{342CC255-CC38-491F-B374-4FB39513A1D6}.Release|x64.ActiveCfg = Release|Any CPU
		{342CC255-CC38-491F-B374-4FB39513A1D6}.Release|x64.Build.0 = Release|Any CPU
		{342CC255-CC38-491F-B374-4FB39513A1D6}.Release|x86.ActiveCfg = Release|Any CPU
		{342CC255-CC38-491F-B374-4FB39513A1D6}.Release|x86.Build.0 = Release|Any CPU
		{68E16E8A-D9ED-4069-8FF4-8F5A289878D4}.Debug|Any CPU.ActiveCfg = Debug|Any CPU
		{68E16E8A-D9ED-4069-8FF4-8F5A289878D4}.Debug|Any CPU.Build.0 = Debug|Any CPU
		{68E16E8A-D9ED-4069-8FF4-8F5A289878D4}.Debug|x64.ActiveCfg = Debug|Any CPU
		{68E16E8A-D9ED-4069-8FF4-8F5A289878D4}.Debug|x64.Build.0 = Debug|Any CPU
		{68E16E8A-D9ED-4069-8FF4-8F5A289878D4}.Debug|x86.ActiveCfg = Debug|Any CPU
		{68E16E8A-D9ED-4069-8FF4-8F5A289878D4}.Debug|x86.Build.0 = Debug|Any CPU
		{68E16E8A-D9ED-4069-8FF4-8F5A289878D4}.Release|Any CPU.ActiveCfg = Release|Any CPU
		{68E16E8A-D9ED-4069-8FF4-8F5A289878D4}.Release|Any CPU.Build.0 = Release|Any CPU
		{68E16E8A-D9ED-4069-8FF4-8F5A289878D4}.Release|x64.ActiveCfg = Release|Any CPU
		{68E16E8A-D9ED-4069-8FF4-8F5A289878D4}.Release|x64.Build.0 = Release|Any CPU
		{68E16E8A-D9ED-4069-8FF4-8F5A289878D4}.Release|x86.ActiveCfg = Release|Any CPU
		{68E16E8A-D9ED-4069-8FF4-8F5A289878D4}.Release|x86.Build.0 = Release|Any CPU
		{ECA7CB9B-907F-4371-BDA2-DC8B92B31DCD}.Debug|Any CPU.ActiveCfg = Debug|Any CPU
		{ECA7CB9B-907F-4371-BDA2-DC8B92B31DCD}.Debug|Any CPU.Build.0 = Debug|Any CPU
		{ECA7CB9B-907F-4371-BDA2-DC8B92B31DCD}.Debug|x64.ActiveCfg = Debug|Any CPU
		{ECA7CB9B-907F-4371-BDA2-DC8B92B31DCD}.Debug|x64.Build.0 = Debug|Any CPU
		{ECA7CB9B-907F-4371-BDA2-DC8B92B31DCD}.Debug|x86.ActiveCfg = Debug|Any CPU
		{ECA7CB9B-907F-4371-BDA2-DC8B92B31DCD}.Debug|x86.Build.0 = Debug|Any CPU
		{ECA7CB9B-907F-4371-BDA2-DC8B92B31DCD}.Release|Any CPU.ActiveCfg = Release|Any CPU
		{ECA7CB9B-907F-4371-BDA2-DC8B92B31DCD}.Release|Any CPU.Build.0 = Release|Any CPU
		{ECA7CB9B-907F-4371-BDA2-DC8B92B31DCD}.Release|x64.ActiveCfg = Release|Any CPU
		{ECA7CB9B-907F-4371-BDA2-DC8B92B31DCD}.Release|x64.Build.0 = Release|Any CPU
		{ECA7CB9B-907F-4371-BDA2-DC8B92B31DCD}.Release|x86.ActiveCfg = Release|Any CPU
		{ECA7CB9B-907F-4371-BDA2-DC8B92B31DCD}.Release|x86.Build.0 = Release|Any CPU
		{7C405C3B-026A-4821-BC59-8AEF5417AEBE}.Debug|Any CPU.ActiveCfg = Debug|Any CPU
		{7C405C3B-026A-4821-BC59-8AEF5417AEBE}.Debug|Any CPU.Build.0 = Debug|Any CPU
		{7C405C3B-026A-4821-BC59-8AEF5417AEBE}.Debug|x64.ActiveCfg = Debug|Any CPU
		{7C405C3B-026A-4821-BC59-8AEF5417AEBE}.Debug|x64.Build.0 = Debug|Any CPU
		{7C405C3B-026A-4821-BC59-8AEF5417AEBE}.Debug|x86.ActiveCfg = Debug|Any CPU
		{7C405C3B-026A-4821-BC59-8AEF5417AEBE}.Debug|x86.Build.0 = Debug|Any CPU
		{7C405C3B-026A-4821-BC59-8AEF5417AEBE}.Release|Any CPU.ActiveCfg = Release|Any CPU
		{7C405C3B-026A-4821-BC59-8AEF5417AEBE}.Release|Any CPU.Build.0 = Release|Any CPU
		{7C405C3B-026A-4821-BC59-8AEF5417AEBE}.Release|x64.ActiveCfg = Release|Any CPU
		{7C405C3B-026A-4821-BC59-8AEF5417AEBE}.Release|x64.Build.0 = Release|Any CPU
		{7C405C3B-026A-4821-BC59-8AEF5417AEBE}.Release|x86.ActiveCfg = Release|Any CPU
		{7C405C3B-026A-4821-BC59-8AEF5417AEBE}.Release|x86.Build.0 = Release|Any CPU
		{8E3CBE62-BB31-4FA4-8E65-0E58DD4D472F}.Debug|Any CPU.ActiveCfg = Debug|Any CPU
		{8E3CBE62-BB31-4FA4-8E65-0E58DD4D472F}.Debug|Any CPU.Build.0 = Debug|Any CPU
		{8E3CBE62-BB31-4FA4-8E65-0E58DD4D472F}.Debug|x64.ActiveCfg = Debug|Any CPU
		{8E3CBE62-BB31-4FA4-8E65-0E58DD4D472F}.Debug|x64.Build.0 = Debug|Any CPU
		{8E3CBE62-BB31-4FA4-8E65-0E58DD4D472F}.Debug|x86.ActiveCfg = Debug|Any CPU
		{8E3CBE62-BB31-4FA4-8E65-0E58DD4D472F}.Debug|x86.Build.0 = Debug|Any CPU
		{8E3CBE62-BB31-4FA4-8E65-0E58DD4D472F}.Release|Any CPU.ActiveCfg = Release|Any CPU
		{8E3CBE62-BB31-4FA4-8E65-0E58DD4D472F}.Release|Any CPU.Build.0 = Release|Any CPU
		{8E3CBE62-BB31-4FA4-8E65-0E58DD4D472F}.Release|x64.ActiveCfg = Release|Any CPU
		{8E3CBE62-BB31-4FA4-8E65-0E58DD4D472F}.Release|x64.Build.0 = Release|Any CPU
		{8E3CBE62-BB31-4FA4-8E65-0E58DD4D472F}.Release|x86.ActiveCfg = Release|Any CPU
		{8E3CBE62-BB31-4FA4-8E65-0E58DD4D472F}.Release|x86.Build.0 = Release|Any CPU
		{70F31ED3-3E0D-4512-9256-B91C957650D7}.Debug|Any CPU.ActiveCfg = Debug|Any CPU
		{70F31ED3-3E0D-4512-9256-B91C957650D7}.Debug|Any CPU.Build.0 = Debug|Any CPU
		{70F31ED3-3E0D-4512-9256-B91C957650D7}.Debug|x64.ActiveCfg = Debug|Any CPU
		{70F31ED3-3E0D-4512-9256-B91C957650D7}.Debug|x64.Build.0 = Debug|Any CPU
		{70F31ED3-3E0D-4512-9256-B91C957650D7}.Debug|x86.ActiveCfg = Debug|Any CPU
		{70F31ED3-3E0D-4512-9256-B91C957650D7}.Debug|x86.Build.0 = Debug|Any CPU
		{70F31ED3-3E0D-4512-9256-B91C957650D7}.Release|Any CPU.ActiveCfg = Release|Any CPU
		{70F31ED3-3E0D-4512-9256-B91C957650D7}.Release|Any CPU.Build.0 = Release|Any CPU
		{70F31ED3-3E0D-4512-9256-B91C957650D7}.Release|x64.ActiveCfg = Release|Any CPU
		{70F31ED3-3E0D-4512-9256-B91C957650D7}.Release|x64.Build.0 = Release|Any CPU
		{70F31ED3-3E0D-4512-9256-B91C957650D7}.Release|x86.ActiveCfg = Release|Any CPU
		{70F31ED3-3E0D-4512-9256-B91C957650D7}.Release|x86.Build.0 = Release|Any CPU
	EndGlobalSection
	GlobalSection(SolutionProperties) = preSolution
		HideSolutionNode = FALSE
	EndGlobalSection
	GlobalSection(NestedProjects) = preSolution
		{D01FA07B-B308-4BCC-8A7C-59DE19B9CDB6} = {871BE218-8F83-E3CD-0B70-B1CC1745EA7C}
		{5BE5D535-B78A-48DE-BE5E-C2511974A7AF} = {871BE218-8F83-E3CD-0B70-B1CC1745EA7C}
		{5DFF2A40-C7C2-F5BA-E38B-F4F0F14B6583} = {35005EFD-8179-418E-50B0-107F1AB7D0D4}
		{5B6CD1AD-D63A-4D4D-965F-55D2483FE1F5} = {5DFF2A40-C7C2-F5BA-E38B-F4F0F14B6583}
		{342CC255-CC38-491F-B374-4FB39513A1D6} = {5DFF2A40-C7C2-F5BA-E38B-F4F0F14B6583}
		{68E16E8A-D9ED-4069-8FF4-8F5A289878D4} = {5DFF2A40-C7C2-F5BA-E38B-F4F0F14B6583}
		{ECA7CB9B-907F-4371-BDA2-DC8B92B31DCD} = {5DFF2A40-C7C2-F5BA-E38B-F4F0F14B6583}
		{6D1E20D8-C28D-CF6C-2C1E-EA5896EE3387} = {35005EFD-8179-418E-50B0-107F1AB7D0D4}
		{7C405C3B-026A-4821-BC59-8AEF5417AEBE} = {6D1E20D8-C28D-CF6C-2C1E-EA5896EE3387}
		{8E3CBE62-BB31-4FA4-8E65-0E58DD4D472F} = {6D1E20D8-C28D-CF6C-2C1E-EA5896EE3387}
		{70F31ED3-3E0D-4512-9256-B91C957650D7} = {0AB3BF05-4346-4AA6-1389-037BE0695223}
	EndGlobalSection
EndGlobal
