
Microsoft Visual Studio Solution File, Format Version 12.00
# Visual Studio Version 17
VisualStudioVersion = 17.0.31903.59
MinimumVisualStudioVersion = 10.0.40219.1
Project("{2150E333-8FDC-42A3-9474-1A3956D46DE8}") = "src", "src", "{827E0CD3-B72D-47B6-A68D-7590B98EB39B}"
EndProject
Project("{FAE04EC0-301F-11D3-BF4B-00C04F79EFBC}") = "FieldOps.Api", "src\FieldOps.Api\FieldOps.Api.csproj", "{5B296763-CF1A-4E48-A2CF-287654095628}"
EndProject
Project("{FAE04EC0-301F-11D3-BF4B-00C04F79EFBC}") = "FieldOps.Application", "src\FieldOps.Application\FieldOps.Application.csproj", "{CD8206DB-85D4-4272-9095-83C1DB77F849}"
EndProject
Project("{FAE04EC0-301F-11D3-BF4B-00C04F79EFBC}") = "FieldOps.Domain", "src\FieldOps.Domain\FieldOps.Domain.csproj", "{FA6CAB9B-ED0F-4729-A317-D7ACF707F14F}"
EndProject
Project("{FAE04EC0-301F-11D3-BF4B-00C04F79EFBC}") = "FieldOps.Infrastructure", "src\FieldOps.Infrastructure\FieldOps.Infrastructure.csproj", "{F449BA5E-76FC-4442-82CD-B904392C6BE8}"
EndProject
Project("{2150E333-8FDC-42A3-9474-1A3956D46DE8}") = "tests", "tests", "{0AB3BF05-4346-4AA6-1389-037BE0695223}"
EndProject
Project("{FAE04EC0-301F-11D3-BF4B-00C04F79EFBC}") = "FieldOps.IntegrationTests", "tests\FieldOps.IntegrationTests\FieldOps.IntegrationTests.csproj", "{A992F7FD-5328-4717-ABAA-11AD2E104302}"
EndProject
Project("{FAE04EC0-301F-11D3-BF4B-00C04F79EFBC}") = "FieldOps.UnitTests", "tests\FieldOps.UnitTests\FieldOps.UnitTests.csproj", "{B866912B-0070-4F03-A4C2-01D6EE5C47A9}"
EndProject
Global
	GlobalSection(SolutionConfigurationPlatforms) = preSolution
		Debug|Any CPU = Debug|Any CPU
		Debug|x64 = Debug|x64
		Debug|x86 = Debug|x86
		Release|Any CPU = Release|Any CPU
		Release|x64 = Release|x64
		Release|x86 = Release|x86
	EndGlobalSection
	GlobalSection(ProjectConfigurationPlatforms) = postSolution
		{5B296763-CF1A-4E48-A2CF-287654095628}.Debug|Any CPU.ActiveCfg = Debug|Any CPU
		{5B296763-CF1A-4E48-A2CF-287654095628}.Debug|Any CPU.Build.0 = Debug|Any CPU
		{5B296763-CF1A-4E48-A2CF-287654095628}.Debug|x64.ActiveCfg = Debug|Any CPU
		{5B296763-CF1A-4E48-A2CF-287654095628}.Debug|x64.Build.0 = Debug|Any CPU
		{5B296763-CF1A-4E48-A2CF-287654095628}.Debug|x86.ActiveCfg = Debug|Any CPU
		{5B296763-CF1A-4E48-A2CF-287654095628}.Debug|x86.Build.0 = Debug|Any CPU
		{5B296763-CF1A-4E48-A2CF-287654095628}.Release|Any CPU.ActiveCfg = Release|Any CPU
		{5B296763-CF1A-4E48-A2CF-287654095628}.Release|Any CPU.Build.0 = Release|Any CPU
		{5B296763-CF1A-4E48-A2CF-287654095628}.Release|x64.ActiveCfg = Release|Any CPU
		{5B296763-CF1A-4E48-A2CF-287654095628}.Release|x64.Build.0 = Release|Any CPU
		{5B296763-CF1A-4E48-A2CF-287654095628}.Release|x86.ActiveCfg = Release|Any CPU
		{5B296763-CF1A-4E48-A2CF-287654095628}.Release|x86.Build.0 = Release|Any CPU
		{CD8206DB-85D4-4272-9095-83C1DB77F849}.Debug|Any CPU.ActiveCfg = Debug|Any CPU
		{CD8206DB-85D4-4272-9095-83C1DB77F849}.Debug|Any CPU.Build.0 = Debug|Any CPU
		{CD8206DB-85D4-4272-9095-83C1DB77F849}.Debug|x64.ActiveCfg = Debug|Any CPU
		{CD8206DB-85D4-4272-9095-83C1DB77F849}.Debug|x64.Build.0 = Debug|Any CPU
		{CD8206DB-85D4-4272-9095-83C1DB77F849}.Debug|x86.ActiveCfg = Debug|Any CPU
		{CD8206DB-85D4-4272-9095-83C1DB77F849}.Debug|x86.Build.0 = Debug|Any CPU
		{CD8206DB-85D4-4272-9095-83C1DB77F849}.Release|Any CPU.ActiveCfg = Release|Any CPU
		{CD8206DB-85D4-4272-9095-83C1DB77F849}.Release|Any CPU.Build.0 = Release|Any CPU
		{CD8206DB-85D4-4272-9095-83C1DB77F849}.Release|x64.ActiveCfg = Release|Any CPU
		{CD8206DB-85D4-4272-9095-83C1DB77F849}.Release|x64.Build.0 = Release|Any CPU
		{CD8206DB-85D4-4272-9095-83C1DB77F849}.Release|x86.ActiveCfg = Release|Any CPU
		{CD8206DB-85D4-4272-9095-83C1DB77F849}.Release|x86.Build.0 = Release|Any CPU
		{FA6CAB9B-ED0F-4729-A317-D7ACF707F14F}.Debug|Any CPU.ActiveCfg = Debug|Any CPU
		{FA6CAB9B-ED0F-4729-A317-D7ACF707F14F}.Debug|Any CPU.Build.0 = Debug|Any CPU
		{FA6CAB9B-ED0F-4729-A317-D7ACF707F14F}.Debug|x64.ActiveCfg = Debug|Any CPU
		{FA6CAB9B-ED0F-4729-A317-D7ACF707F14F}.Debug|x64.Build.0 = Debug|Any CPU
		{FA6CAB9B-ED0F-4729-A317-D7ACF707F14F}.Debug|x86.ActiveCfg = Debug|Any CPU
		{FA6CAB9B-ED0F-4729-A317-D7ACF707F14F}.Debug|x86.Build.0 = Debug|Any CPU
		{FA6CAB9B-ED0F-4729-A317-D7ACF707F14F}.Release|Any CPU.ActiveCfg = Release|Any CPU
		{FA6CAB9B-ED0F-4729-A317-D7ACF707F14F}.Release|Any CPU.Build.0 = Release|Any CPU
		{FA6CAB9B-ED0F-4729-A317-D7ACF707F14F}.Release|x64.ActiveCfg = Release|Any CPU
		{FA6CAB9B-ED0F-4729-A317-D7ACF707F14F}.Release|x64.Build.0 = Release|Any CPU
		{FA6CAB9B-ED0F-4729-A317-D7ACF707F14F}.Release|x86.ActiveCfg = Release|Any CPU
		{FA6CAB9B-ED0F-4729-A317-D7ACF707F14F}.Release|x86.Build.0 = Release|Any CPU
		{F449BA5E-76FC-4442-82CD-B904392C6BE8}.Debug|Any CPU.ActiveCfg = Debug|Any CPU
		{F449BA5E-76FC-4442-82CD-B904392C6BE8}.Debug|Any CPU.Build.0 = Debug|Any CPU
		{F449BA5E-76FC-4442-82CD-B904392C6BE8}.Debug|x64.ActiveCfg = Debug|Any CPU
		{F449BA5E-76FC-4442-82CD-B904392C6BE8}.Debug|x64.Build.0 = Debug|Any CPU
		{F449BA5E-76FC-4442-82CD-B904392C6BE8}.Debug|x86.ActiveCfg = Debug|Any CPU
		{F449BA5E-76FC-4442-82CD-B904392C6BE8}.Debug|x86.Build.0 = Debug|Any CPU
		{F449BA5E-76FC-4442-82CD-B904392C6BE8}.Release|Any CPU.ActiveCfg = Release|Any CPU
		{F449BA5E-76FC-4442-82CD-B904392C6BE8}.Release|Any CPU.Build.0 = Release|Any CPU
		{F449BA5E-76FC-4442-82CD-B904392C6BE8}.Release|x64.ActiveCfg = Release|Any CPU
		{F449BA5E-76FC-4442-82CD-B904392C6BE8}.Release|x64.Build.0 = Release|Any CPU
		{F449BA5E-76FC-4442-82CD-B904392C6BE8}.Release|x86.ActiveCfg = Release|Any CPU
		{F449BA5E-76FC-4442-82CD-B904392C6BE8}.Release|x86.Build.0 = Release|Any CPU
		{A992F7FD-5328-4717-ABAA-11AD2E104302}.Debug|Any CPU.ActiveCfg = Debug|Any CPU
		{A992F7FD-5328-4717-ABAA-11AD2E104302}.Debug|Any CPU.Build.0 = Debug|Any CPU
		{A992F7FD-5328-4717-ABAA-11AD2E104302}.Debug|x64.ActiveCfg = Debug|Any CPU
		{A992F7FD-5328-4717-ABAA-11AD2E104302}.Debug|x64.Build.0 = Debug|Any CPU
		{A992F7FD-5328-4717-ABAA-11AD2E104302}.Debug|x86.ActiveCfg = Debug|Any CPU
		{A992F7FD-5328-4717-ABAA-11AD2E104302}.Debug|x86.Build.0 = Debug|Any CPU
		{A992F7FD-5328-4717-ABAA-11AD2E104302}.Release|Any CPU.ActiveCfg = Release|Any CPU
		{A992F7FD-5328-4717-ABAA-11AD2E104302}.Release|Any CPU.Build.0 = Release|Any CPU
		{A992F7FD-5328-4717-ABAA-11AD2E104302}.Release|x64.ActiveCfg = Release|Any CPU
		{A992F7FD-5328-4717-ABAA-11AD2E104302}.Release|x64.Build.0 = Release|Any CPU
		{A992F7FD-5328-4717-ABAA-11AD2E104302}.Release|x86.ActiveCfg = Release|Any CPU
		{A992F7FD-5328-4717-ABAA-11AD2E104302}.Release|x86.Build.0 = Release|Any CPU
		{B866912B-0070-4F03-A4C2-01D6EE5C47A9}.Debug|Any CPU.ActiveCfg = Debug|Any CPU
		{B866912B-0070-4F03-A4C2-01D6EE5C47A9}.Debug|Any CPU.Build.0 = Debug|Any CPU
		{B866912B-0070-4F03-A4C2-01D6EE5C47A9}.Debug|x64.ActiveCfg = Debug|Any CPU
		{B866912B-0070-4F03-A4C2-01D6EE5C47A9}.Debug|x64.Build.0 = Debug|Any CPU
		{B866912B-0070-4F03-A4C2-01D6EE5C47A9}.Debug|x86.ActiveCfg = Debug|Any CPU
		{B866912B-0070-4F03-A4C2-01D6EE5C47A9}.Debug|x86.Build.0 = Debug|Any CPU
		{B866912B-0070-4F03-A4C2-01D6EE5C47A9}.Release|Any CPU.ActiveCfg = Release|Any CPU
		{B866912B-0070-4F03-A4C2-01D6EE5C47A9}.Release|Any CPU.Build.0 = Release|Any CPU
		{B866912B-0070-4F03-A4C2-01D6EE5C47A9}.Release|x64.ActiveCfg = Release|Any CPU
		{B866912B-0070-4F03-A4C2-01D6EE5C47A9}.Release|x64.Build.0 = Release|Any CPU
		{B866912B-0070-4F03-A4C2-01D6EE5C47A9}.Release|x86.ActiveCfg = Release|Any CPU
		{B866912B-0070-4F03-A4C2-01D6EE5C47A9}.Release|x86.Build.0 = Release|Any CPU
	EndGlobalSection
	GlobalSection(SolutionProperties) = preSolution
		HideSolutionNode = FALSE
	EndGlobalSection
	GlobalSection(NestedProjects) = preSolution
		{5B296763-CF1A-4E48-A2CF-287654095628} = {827E0CD3-B72D-47B6-A68D-7590B98EB39B}
		{CD8206DB-85D4-4272-9095-83C1DB77F849} = {827E0CD3-B72D-47B6-A68D-7590B98EB39B}
		{FA6CAB9B-ED0F-4729-A317-D7ACF707F14F} = {827E0CD3-B72D-47B6-A68D-7590B98EB39B}
		{F449BA5E-76FC-4442-82CD-B904392C6BE8} = {827E0CD3-B72D-47B6-A68D-7590B98EB39B}
		{A992F7FD-5328-4717-ABAA-11AD2E104302} = {0AB3BF05-4346-4AA6-1389-037BE0695223}
		{B866912B-0070-4F03-A4C2-01D6EE5C47A9} = {0AB3BF05-4346-4AA6-1389-037BE0695223}
	EndGlobalSection
EndGlobal
