
Microsoft Visual Studio Solution File, Format Version 12.00
# Visual Studio Version 17
VisualStudioVersion = 17.0.31903.59
MinimumVisualStudioVersion = 10.0.40219.1
Project("{2150E333-8FDC-42A3-9474-1A3956D46DE8}") = "src", "src", "{827E0CD3-B72D-47B6-A68D-7590B98EB39B}"
EndProject
Project("{FAE04EC0-301F-11D3-BF4B-00C04F79EFBC}") = "Northstar.Secrets.Api", "src\Northstar.Secrets.Api\Northstar.Secrets.Api.csproj", "{78A9FF44-5FD4-4FBC-A92D-1B8839349999}"
EndProject
Project("{FAE04EC0-301F-11D3-BF4B-00C04F79EFBC}") = "Northstar.Secrets.Application", "src\Northstar.Secrets.Application\Northstar.Secrets.Application.csproj", "{2A3D3D4D-7EBE-485D-80B2-CB62D4C35CDC}"
EndProject
Project("{FAE04EC0-301F-11D3-BF4B-00C04F79EFBC}") = "Northstar.Secrets.Domain", "src\Northstar.Secrets.Domain\Northstar.Secrets.Domain.csproj", "{6DACF4D0-6D57-49CD-87D3-04254169B63B}"
EndProject
Project("{FAE04EC0-301F-11D3-BF4B-00C04F79EFBC}") = "Northstar.Secrets.Infrastructure", "src\Northstar.Secrets.Infrastructure\Northstar.Secrets.Infrastructure.csproj", "{318FA424-5EC4-4108-8B5C-F9E4B8E84C52}"
EndProject
Project("{2150E333-8FDC-42A3-9474-1A3956D46DE8}") = "tests", "tests", "{0AB3BF05-4346-4AA6-1389-037BE0695223}"
EndProject
Project("{FAE04EC0-301F-11D3-BF4B-00C04F79EFBC}") = "Northstar.Secrets.IntegrationTests", "tests\Northstar.Secrets.IntegrationTests\Northstar.Secrets.IntegrationTests.csproj", "{8255AC38-A06E-4D3E-8510-276F1E8DE3F6}"
EndProject
Project("{FAE04EC0-301F-11D3-BF4B-00C04F79EFBC}") = "Northstar.Secrets.UnitTests", "tests\Northstar.Secrets.UnitTests\Northstar.Secrets.UnitTests.csproj", "{FDB0661E-9447-46AB-9790-45F39C45C05B}"
EndProject
Project("{2150E333-8FDC-42A3-9474-1A3956D46DE8}") = "samples", "samples", "{5D20AA90-6969-D8BD-9DCD-8634F4692FDA}"
EndProject
Project("{FAE04EC0-301F-11D3-BF4B-00C04F79EFBC}") = "Northstar.Secrets.ConsumerSample", "samples\Northstar.Secrets.ConsumerSample\Northstar.Secrets.ConsumerSample.csproj", "{F7491240-6B93-46BF-8ED6-E6A8A28DC722}"
EndProject
Global
	GlobalSection(SolutionConfigurationPlatforms) = preSolution
		Debug|Any CPU = Debug|Any CPU
		Debug|x64 = Debug|x64
		Debug|x86 = Debug|x86
		Release|Any CPU = Release|Any CPU
		Release|x64 = Release|x64
		Release|x86 = Release|x86
	EndGlobalSection
	GlobalSection(ProjectConfigurationPlatforms) = postSolution
		{78A9FF44-5FD4-4FBC-A92D-1B8839349999}.Debug|Any CPU.ActiveCfg = Debug|Any CPU
		{78A9FF44-5FD4-4FBC-A92D-1B8839349999}.Debug|Any CPU.Build.0 = Debug|Any CPU
		{78A9FF44-5FD4-4FBC-A92D-1B8839349999}.Debug|x64.ActiveCfg = Debug|Any CPU
		{78A9FF44-5FD4-4FBC-A92D-1B8839349999}.Debug|x64.Build.0 = Debug|Any CPU
		{78A9FF44-5FD4-4FBC-A92D-1B8839349999}.Debug|x86.ActiveCfg = Debug|Any CPU
		{78A9FF44-5FD4-4FBC-A92D-1B8839349999}.Debug|x86.Build.0 = Debug|Any CPU
		{78A9FF44-5FD4-4FBC-A92D-1B8839349999}.Release|Any CPU.ActiveCfg = Release|Any CPU
		{78A9FF44-5FD4-4FBC-A92D-1B8839349999}.Release|Any CPU.Build.0 = Release|Any CPU
		{78A9FF44-5FD4-4FBC-A92D-1B8839349999}.Release|x64.ActiveCfg = Release|Any CPU
		{78A9FF44-5FD4-4FBC-A92D-1B8839349999}.Release|x64.Build.0 = Release|Any CPU
		{78A9FF44-5FD4-4FBC-A92D-1B8839349999}.Release|x86.ActiveCfg = Release|Any CPU
		{78A9FF44-5FD4-4FBC-A92D-1B8839349999}.Release|x86.Build.0 = Release|Any CPU
		{2A3D3D4D-7EBE-485D-80B2-CB62D4C35CDC}.Debug|Any CPU.ActiveCfg = Debug|Any CPU
		{2A3D3D4D-7EBE-485D-80B2-CB62D4C35CDC}.Debug|Any CPU.Build.0 = Debug|Any CPU
		{2A3D3D4D-7EBE-485D-80B2-CB62D4C35CDC}.Debug|x64.ActiveCfg = Debug|Any CPU
		{2A3D3D4D-7EBE-485D-80B2-CB62D4C35CDC}.Debug|x64.Build.0 = Debug|Any CPU
		{2A3D3D4D-7EBE-485D-80B2-CB62D4C35CDC}.Debug|x86.ActiveCfg = Debug|Any CPU
		{2A3D3D4D-7EBE-485D-80B2-CB62D4C35CDC}.Debug|x86.Build.0 = Debug|Any CPU
		{2A3D3D4D-7EBE-485D-80B2-CB62D4C35CDC}.Release|Any CPU.ActiveCfg = Release|Any CPU
		{2A3D3D4D-7EBE-485D-80B2-CB62D4C35CDC}.Release|Any CPU.Build.0 = Release|Any CPU
		{2A3D3D4D-7EBE-485D-80B2-CB62D4C35CDC}.Release|x64.ActiveCfg = Release|Any CPU
		{2A3D3D4D-7EBE-485D-80B2-CB62D4C35CDC}.Release|x64.Build.0 = Release|Any CPU
		{2A3D3D4D-7EBE-485D-80B2-CB62D4C35CDC}.Release|x86.ActiveCfg = Release|Any CPU
		{2A3D3D4D-7EBE-485D-80B2-CB62D4C35CDC}.Release|x86.Build.0 = Release|Any CPU
		{6DACF4D0-6D57-49CD-87D3-04254169B63B}.Debug|Any CPU.ActiveCfg = Debug|Any CPU
		{6DACF4D0-6D57-49CD-87D3-04254169B63B}.Debug|Any CPU.Build.0 = Debug|Any CPU
		{6DACF4D0-6D57-49CD-87D3-04254169B63B}.Debug|x64.ActiveCfg = Debug|Any CPU
		{6DACF4D0-6D57-49CD-87D3-04254169B63B}.Debug|x64.Build.0 = Debug|Any CPU
		{6DACF4D0-6D57-49CD-87D3-04254169B63B}.Debug|x86.ActiveCfg = Debug|Any CPU
		{6DACF4D0-6D57-49CD-87D3-04254169B63B}.Debug|x86.Build.0 = Debug|Any CPU
		{6DACF4D0-6D57-49CD-87D3-04254169B63B}.Release|Any CPU.ActiveCfg = Release|Any CPU
		{6DACF4D0-6D57-49CD-87D3-04254169B63B}.Release|Any CPU.Build.0 = Release|Any CPU
		{6DACF4D0-6D57-49CD-87D3-04254169B63B}.Release|x64.ActiveCfg = Release|Any CPU
		{6DACF4D0-6D57-49CD-87D3-04254169B63B}.Release|x64.Build.0 = Release|Any CPU
		{6DACF4D0-6D57-49CD-87D3-04254169B63B}.Release|x86.ActiveCfg = Release|Any CPU
		{6DACF4D0-6D57-49CD-87D3-04254169B63B}.Release|x86.Build.0 = Release|Any CPU
		{318FA424-5EC4-4108-8B5C-F9E4B8E84C52}.Debug|Any CPU.ActiveCfg = Debug|Any CPU
		{318FA424-5EC4-4108-8B5C-F9E4B8E84C52}.Debug|Any CPU.Build.0 = Debug|Any CPU
		{318FA424-5EC4-4108-8B5C-F9E4B8E84C52}.Debug|x64.ActiveCfg = Debug|Any CPU
		{318FA424-5EC4-4108-8B5C-F9E4B8E84C52}.Debug|x64.Build.0 = Debug|Any CPU
		{318FA424-5EC4-4108-8B5C-F9E4B8E84C52}.Debug|x86.ActiveCfg = Debug|Any CPU
		{318FA424-5EC4-4108-8B5C-F9E4B8E84C52}.Debug|x86.Build.0 = Debug|Any CPU
		{318FA424-5EC4-4108-8B5C-F9E4B8E84C52}.Release|Any CPU.ActiveCfg = Release|Any CPU
		{318FA424-5EC4-4108-8B5C-F9E4B8E84C52}.Release|Any CPU.Build.0 = Release|Any CPU
		{318FA424-5EC4-4108-8B5C-F9E4B8E84C52}.Release|x64.ActiveCfg = Release|Any CPU
		{318FA424-5EC4-4108-8B5C-F9E4B8E84C52}.Release|x64.Build.0 = Release|Any CPU
		{318FA424-5EC4-4108-8B5C-F9E4B8E84C52}.Release|x86.ActiveCfg = Release|Any CPU
		{318FA424-5EC4-4108-8B5C-F9E4B8E84C52}.Release|x86.Build.0 = Release|Any CPU
		{8255AC38-A06E-4D3E-8510-276F1E8DE3F6}.Debug|Any CPU.ActiveCfg = Debug|Any CPU
		{8255AC38-A06E-4D3E-8510-276F1E8DE3F6}.Debug|Any CPU.Build.0 = Debug|Any CPU
		{8255AC38-A06E-4D3E-8510-276F1E8DE3F6}.Debug|x64.ActiveCfg = Debug|Any CPU
		{8255AC38-A06E-4D3E-8510-276F1E8DE3F6}.Debug|x64.Build.0 = Debug|Any CPU
		{8255AC38-A06E-4D3E-8510-276F1E8DE3F6}.Debug|x86.ActiveCfg = Debug|Any CPU
		{8255AC38-A06E-4D3E-8510-276F1E8DE3F6}.Debug|x86.Build.0 = Debug|Any CPU
		{8255AC38-A06E-4D3E-8510-276F1E8DE3F6}.Release|Any CPU.ActiveCfg = Release|Any CPU
		{8255AC38-A06E-4D3E-8510-276F1E8DE3F6}.Release|Any CPU.Build.0 = Release|Any CPU
		{8255AC38-A06E-4D3E-8510-276F1E8DE3F6}.Release|x64.ActiveCfg = Release|Any CPU
		{8255AC38-A06E-4D3E-8510-276F1E8DE3F6}.Release|x64.Build.0 = Release|Any CPU
		{8255AC38-A06E-4D3E-8510-276F1E8DE3F6}.Release|x86.ActiveCfg = Release|Any CPU
		{8255AC38-A06E-4D3E-8510-276F1E8DE3F6}.Release|x86.Build.0 = Release|Any CPU
		{FDB0661E-9447-46AB-9790-45F39C45C05B}.Debug|Any CPU.ActiveCfg = Debug|Any CPU
		{FDB0661E-9447-46AB-9790-45F39C45C05B}.Debug|Any CPU.Build.0 = Debug|Any CPU
		{FDB0661E-9447-46AB-9790-45F39C45C05B}.Debug|x64.ActiveCfg = Debug|Any CPU
		{FDB0661E-9447-46AB-9790-45F39C45C05B}.Debug|x64.Build.0 = Debug|Any CPU
		{FDB0661E-9447-46AB-9790-45F39C45C05B}.Debug|x86.ActiveCfg = Debug|Any CPU
		{FDB0661E-9447-46AB-9790-45F39C45C05B}.Debug|x86.Build.0 = Debug|Any CPU
		{FDB0661E-9447-46AB-9790-45F39C45C05B}.Release|Any CPU.ActiveCfg = Release|Any CPU
		{FDB0661E-9447-46AB-9790-45F39C45C05B}.Release|Any CPU.Build.0 = Release|Any CPU
		{FDB0661E-9447-46AB-9790-45F39C45C05B}.Release|x64.ActiveCfg = Release|Any CPU
		{FDB0661E-9447-46AB-9790-45F39C45C05B}.Release|x64.Build.0 = Release|Any CPU
		{FDB0661E-9447-46AB-9790-45F39C45C05B}.Release|x86.ActiveCfg = Release|Any CPU
		{FDB0661E-9447-46AB-9790-45F39C45C05B}.Release|x86.Build.0 = Release|Any CPU
		{F7491240-6B93-46BF-8ED6-E6A8A28DC722}.Debug|Any CPU.ActiveCfg = Debug|Any CPU
		{F7491240-6B93-46BF-8ED6-E6A8A28DC722}.Debug|Any CPU.Build.0 = Debug|Any CPU
		{F7491240-6B93-46BF-8ED6-E6A8A28DC722}.Debug|x64.ActiveCfg = Debug|Any CPU
		{F7491240-6B93-46BF-8ED6-E6A8A28DC722}.Debug|x64.Build.0 = Debug|Any CPU
		{F7491240-6B93-46BF-8ED6-E6A8A28DC722}.Debug|x86.ActiveCfg = Debug|Any CPU
		{F7491240-6B93-46BF-8ED6-E6A8A28DC722}.Debug|x86.Build.0 = Debug|Any CPU
		{F7491240-6B93-46BF-8ED6-E6A8A28DC722}.Release|Any CPU.ActiveCfg = Release|Any CPU
		{F7491240-6B93-46BF-8ED6-E6A8A28DC722}.Release|Any CPU.Build.0 = Release|Any CPU
		{F7491240-6B93-46BF-8ED6-E6A8A28DC722}.Release|x64.ActiveCfg = Release|Any CPU
		{F7491240-6B93-46BF-8ED6-E6A8A28DC722}.Release|x64.Build.0 = Release|Any CPU
		{F7491240-6B93-46BF-8ED6-E6A8A28DC722}.Release|x86.ActiveCfg = Release|Any CPU
		{F7491240-6B93-46BF-8ED6-E6A8A28DC722}.Release|x86.Build.0 = Release|Any CPU
	EndGlobalSection
	GlobalSection(SolutionProperties) = preSolution
		HideSolutionNode = FALSE
	EndGlobalSection
	GlobalSection(NestedProjects) = preSolution
		{78A9FF44-5FD4-4FBC-A92D-1B8839349999} = {827E0CD3-B72D-47B6-A68D-7590B98EB39B}
		{2A3D3D4D-7EBE-485D-80B2-CB62D4C35CDC} = {827E0CD3-B72D-47B6-A68D-7590B98EB39B}
		{6DACF4D0-6D57-49CD-87D3-04254169B63B} = {827E0CD3-B72D-47B6-A68D-7590B98EB39B}
		{318FA424-5EC4-4108-8B5C-F9E4B8E84C52} = {827E0CD3-B72D-47B6-A68D-7590B98EB39B}
		{8255AC38-A06E-4D3E-8510-276F1E8DE3F6} = {0AB3BF05-4346-4AA6-1389-037BE0695223}
		{FDB0661E-9447-46AB-9790-45F39C45C05B} = {0AB3BF05-4346-4AA6-1389-037BE0695223}
		{F7491240-6B93-46BF-8ED6-E6A8A28DC722} = {5D20AA90-6969-D8BD-9DCD-8634F4692FDA}
	EndGlobalSection
EndGlobal
